
Microsoft Visual Studio Solution File, Format Version 12.00
# Visual Studio Version 16
VisualStudioVersion = 16.0.31624.102
MinimumVisualStudioVersion = 10.0.40219.1
Project("{2150E333-8FDC-42A3-9474-1A3956D46DE8}") = "UI", "UI", "{6B8E5972-A218-4D4D-9E87-DA6E1343E771}"
EndProject
Project("{9A19103F-16F7-4668-BE54-9A1E7A4F7556}") = "WebStore", "UI\WebStore\WebStore.csproj", "{C1740C7B-48D3-4432-8C31-6E88A3D32555}"
EndProject
Project("{2150E333-8FDC-42A3-9474-1A3956D46DE8}") = "Services", "Services", "{CD881BF6-2BA6-4BCC-8E16-95494FA07BD3}"
EndProject
Project("{9A19103F-16F7-4668-BE54-9A1E7A4F7556}") = "WebStore.Interfaces", "Services\WebStore.Interfaces\WebStore.Interfaces.csproj", "{E260FCDC-887C-46E3-8022-AC6F02DAE176}"
EndProject
Project("{9A19103F-16F7-4668-BE54-9A1E7A4F7556}") = "WebStore.Services", "Services\WebStore.Services\WebStore.Services.csproj", "{E149E3FB-E627-4FEB-89C0-D01ACA566501}"
EndProject
Project("{2150E333-8FDC-42A3-9474-1A3956D46DE8}") = "Data", "Data", "{8BEDDABB-F150-473A-8990-F8033E5095E1}"
EndProject
Project("{9A19103F-16F7-4668-BE54-9A1E7A4F7556}") = "WebStore.DAL", "Data\WebStore.DAL\WebStore.DAL.csproj", "{D67FA8AC-8E96-414E-BB05-86C185F894C4}"
EndProject
Project("{2150E333-8FDC-42A3-9474-1A3956D46DE8}") = "Common", "Common", "{EE606A08-9B94-485A-B1CD-3A48F6812884}"
EndProject
Project("{9A19103F-16F7-4668-BE54-9A1E7A4F7556}") = "WebStore.Domain", "Common\WebStore.Domain\WebStore.Domain.csproj", "{5B095D1D-3056-47B8-B169-7DD8A31B4359}"
EndProject
Project("{9A19103F-16F7-4668-BE54-9A1E7A4F7556}") = "WebStore.WebAPI", "Services\WebStore.WebAPI\WebStore.WebAPI.csproj", "{9B7EB16E-507E-45B7-8220-414521808287}"
EndProject
Project("{9A19103F-16F7-4668-BE54-9A1E7A4F7556}") = "WebStore.WebAPI.Clients", "Services\WebStore.WebAPI.Clients\WebStore.WebAPI.Clients.csproj", "{AECE0A90-8D40-4137-83C9-2C52522BC717}"
EndProject
Project("{9A19103F-16F7-4668-BE54-9A1E7A4F7556}") = "WebStore.Logger", "Common\WebStore.Logger\WebStore.Logger.csproj", "{04747C12-FABA-4E68-B2A6-7D8F5559A6F2}"
EndProject
Project("{2150E333-8FDC-42A3-9474-1A3956D46DE8}") = "Tests", "Tests", "{B2A40939-C28E-45B5-9EFB-06A947E50520}"
EndProject
Project("{9A19103F-16F7-4668-BE54-9A1E7A4F7556}") = "WebStore.Tests", "Tests\WebStore.Tests\WebStore.Tests.csproj", "{44DD044E-EDEC-44F1-BA0E-ABF8F91967E1}"
EndProject
Project("{FAE04EC0-301F-11D3-BF4B-00C04F79EFBC}") = "WebStore.Services.Tests", "Tests\WebStore.Services.Tests\WebStore.Services.Tests.csproj", "{28990828-6F73-4500-BFE8-1262C231545E}"
EndProject
Global
	GlobalSection(SolutionConfigurationPlatforms) = preSolution
		Debug|Any CPU = Debug|Any CPU
		Release|Any CPU = Release|Any CPU
	EndGlobalSection
	GlobalSection(ProjectConfigurationPlatforms) = postSolution
		{C1740C7B-48D3-4432-8C31-6E88A3D32555}.Debug|Any CPU.ActiveCfg = Debug|Any CPU
		{C1740C7B-48D3-4432-8C31-6E88A3D32555}.Debug|Any CPU.Build.0 = Debug|Any CPU
		{C1740C7B-48D3-4432-8C31-6E88A3D32555}.Release|Any CPU.ActiveCfg = Release|Any CPU
		{C1740C7B-48D3-4432-8C31-6E88A3D32555}.Release|Any CPU.Build.0 = Release|Any CPU
		{E260FCDC-887C-46E3-8022-AC6F02DAE176}.Debug|Any CPU.ActiveCfg = Debug|Any CPU
		{E260FCDC-887C-46E3-8022-AC6F02DAE176}.Debug|Any CPU.Build.0 = Debug|Any CPU
		{E260FCDC-887C-46E3-8022-AC6F02DAE176}.Release|Any CPU.ActiveCfg = Release|Any CPU
		{E260FCDC-887C-46E3-8022-AC6F02DAE176}.Release|Any CPU.Build.0 = Release|Any CPU
		{E149E3FB-E627-4FEB-89C0-D01ACA566501}.Debug|Any CPU.ActiveCfg = Debug|Any CPU
		{E149E3FB-E627-4FEB-89C0-D01ACA566501}.Debug|Any CPU.Build.0 = Debug|Any CPU
		{E149E3FB-E627-4FEB-89C0-D01ACA566501}.Release|Any CPU.ActiveCfg = Release|Any CPU
		{E149E3FB-E627-4FEB-89C0-D01ACA566501}.Release|Any CPU.Build.0 = Release|Any CPU
		{D67FA8AC-8E96-414E-BB05-86C185F894C4}.Debug|Any CPU.ActiveCfg = Debug|Any CPU
		{D67FA8AC-8E96-414E-BB05-86C185F894C4}.Debug|Any CPU.Build.0 = Debug|Any CPU
		{D67FA8AC-8E96-414E-BB05-86C185F894C4}.Release|Any CPU.ActiveCfg = Release|Any CPU
		{D67FA8AC-8E96-414E-BB05-86C185F894C4}.Release|Any CPU.Build.0 = Release|Any CPU
		{5B095D1D-3056-47B8-B169-7DD8A31B4359}.Debug|Any CPU.ActiveCfg = Debug|Any CPU
		{5B095D1D-3056-47B8-B169-7DD8A31B4359}.Debug|Any CPU.Build.0 = Debug|Any CPU
		{5B095D1D-3056-47B8-B169-7DD8A31B4359}.Release|Any CPU.ActiveCfg = Release|Any CPU
		{5B095D1D-3056-47B8-B169-7DD8A31B4359}.Release|Any CPU.Build.0 = Release|Any CPU
		{9B7EB16E-507E-45B7-8220-414521808287}.Debug|Any CPU.ActiveCfg = Debug|Any CPU
		{9B7EB16E-507E-45B7-8220-414521808287}.Debug|Any CPU.Build.0 = Debug|Any CPU
		{9B7EB16E-507E-45B7-8220-414521808287}.Release|Any CPU.ActiveCfg = Release|Any CPU
		{9B7EB16E-507E-45B7-8220-414521808287}.Release|Any CPU.Build.0 = Release|Any CPU
		{AECE0A90-8D40-4137-83C9-2C52522BC717}.Debug|Any CPU.ActiveCfg = Debug|Any CPU
		{AECE0A90-8D40-4137-83C9-2C52522BC717}.Debug|Any CPU.Build.0 = Debug|Any CPU
		{AECE0A90-8D40-4137-83C9-2C52522BC717}.Release|Any CPU.ActiveCfg = Release|Any CPU
		{AECE0A90-8D40-4137-83C9-2C52522BC717}.Release|Any CPU.Build.0 = Release|Any CPU
		{04747C12-FABA-4E68-B2A6-7D8F5559A6F2}.Debug|Any CPU.ActiveCfg = Debug|Any CPU
		{04747C12-FABA-4E68-B2A6-7D8F5559A6F2}.Debug|Any CPU.Build.0 = Debug|Any CPU
		{04747C12-FABA-4E68-B2A6-7D8F5559A6F2}.Release|Any CPU.ActiveCfg = Release|Any CPU
		{04747C12-FABA-4E68-B2A6-7D8F5559A6F2}.Release|Any CPU.Build.0 = Release|Any CPU
		{44DD044E-EDEC-44F1-BA0E-ABF8F91967E1}.Debug|Any CPU.ActiveCfg = Debug|Any CPU
		{44DD044E-EDEC-44F1-BA0E-ABF8F91967E1}.Debug|Any CPU.Build.0 = Debug|Any CPU
		{44DD044E-EDEC-44F1-BA0E-ABF8F91967E1}.Release|Any CPU.ActiveCfg = Release|Any CPU
		{44DD044E-EDEC-44F1-BA0E-ABF8F91967E1}.Release|Any CPU.Build.0 = Release|Any CPU
		{28990828-6F73-4500-BFE8-1262C231545E}.Debug|Any CPU.ActiveCfg = Debug|Any CPU
		{28990828-6F73-4500-BFE8-1262C231545E}.Debug|Any CPU.Build.0 = Debug|Any CPU
		{28990828-6F73-4500-BFE8-1262C231545E}.Release|Any CPU.ActiveCfg = Release|Any CPU
		{28990828-6F73-4500-BFE8-1262C231545E}.Release|Any CPU.Build.0 = Release|Any CPU
	EndGlobalSection
	GlobalSection(SolutionProperties) = preSolution
		HideSolutionNode = FALSE
	EndGlobalSection
	GlobalSection(NestedProjects) = preSolution
		{C1740C7B-48D3-4432-8C31-6E88A3D32555} = {6B8E5972-A218-4D4D-9E87-DA6E1343E771}
		{E260FCDC-887C-46E3-8022-AC6F02DAE176} = {CD881BF6-2BA6-4BCC-8E16-95494FA07BD3}
		{E149E3FB-E627-4FEB-89C0-D01ACA566501} = {CD881BF6-2BA6-4BCC-8E16-95494FA07BD3}
		{D67FA8AC-8E96-414E-BB05-86C185F894C4} = {8BEDDABB-F150-473A-8990-F8033E5095E1}
		{5B095D1D-3056-47B8-B169-7DD8A31B4359} = {EE606A08-9B94-485A-B1CD-3A48F6812884}
		{9B7EB16E-507E-45B7-8220-414521808287} = {CD881BF6-2BA6-4BCC-8E16-95494FA07BD3}
		{AECE0A90-8D40-4137-83C9-2C52522BC717} = {CD881BF6-2BA6-4BCC-8E16-95494FA07BD3}
		{04747C12-FABA-4E68-B2A6-7D8F5559A6F2} = {EE606A08-9B94-485A-B1CD-3A48F6812884}
		{44DD044E-EDEC-44F1-BA0E-ABF8F91967E1} = {B2A40939-C28E-45B5-9EFB-06A947E50520}
		{28990828-6F73-4500-BFE8-1262C231545E} = {B2A40939-C28E-45B5-9EFB-06A947E50520}
	EndGlobalSection
	GlobalSection(ExtensibilityGlobals) = postSolution
		SolutionGuid = {91A5EE68-2AE3-403E-B5B6-DEE350FD99F9}
	EndGlobalSection
EndGlobal
